
Microsoft Visual Studio Solution File, Format Version 12.00
# Visual Studio Version 17
VisualStudioVersion = 17.5.2.0
MinimumVisualStudioVersion = 10.0.40219.1
Project("{FAE04EC0-301F-11D3-BF4B-00C04F79EFBC}") = "CompanyEmployees", "CompanyEmployees\CompanyEmployees.csproj", "{14BF5D49-4CBC-ECD7-2041-414E9114AD0D}"
EndProject
Project("{FAE04EC0-301F-11D3-BF4B-00C04F79EFBC}") = "LoggerService", "LoggerService\LoggerService.csproj", "{193C3FFF-D580-4063-8432-0C147388BDDD}"
EndProject
Project("{FAE04EC0-301F-11D3-BF4B-00C04F79EFBC}") = "Contracts", "Contracts\Contracts.csproj", "{AE70711F-CB78-4B7E-8C67-C4C5C66149A7}"
EndProject
Project("{FAE04EC0-301F-11D3-BF4B-00C04F79EFBC}") = "Entities", "Entities\Entities.csproj", "{12D2F63F-60CB-4BDD-8797-559AEAB51F5B}"
EndProject
Project("{FAE04EC0-301F-11D3-BF4B-00C04F79EFBC}") = "Repository", "Repository\Repository.csproj", "{DCC749AD-FBC5-4FE0-A408-FFF181723FBB}"
EndProject
Project("{FAE04EC0-301F-11D3-BF4B-00C04F79EFBC}") = "Service.Contracts", "Service.Contracts\Service.Contracts.csproj", "{EEEACA9F-D7E6-498E-95F1-C1236A2E10F2}"
EndProject
Project("{FAE04EC0-301F-11D3-BF4B-00C04F79EFBC}") = "Service", "Service\Service.csproj", "{11C6F63D-4D92-4866-AFE0-8837F5546272}"
EndProject
Global
	GlobalSection(SolutionConfigurationPlatforms) = preSolution
		Debug|Any CPU = Debug|Any CPU
		Debug|x64 = Debug|x64
		Debug|x86 = Debug|x86
		Release|Any CPU = Release|Any CPU
		Release|x64 = Release|x64
		Release|x86 = Release|x86
	EndGlobalSection
	GlobalSection(ProjectConfigurationPlatforms) = postSolution
		{14BF5D49-4CBC-ECD7-2041-414E9114AD0D}.Debug|Any CPU.ActiveCfg = Debug|Any CPU
		{14BF5D49-4CBC-ECD7-2041-414E9114AD0D}.Debug|Any CPU.Build.0 = Debug|Any CPU
		{14BF5D49-4CBC-ECD7-2041-414E9114AD0D}.Debug|x64.ActiveCfg = Debug|Any CPU
		{14BF5D49-4CBC-ECD7-2041-414E9114AD0D}.Debug|x64.Build.0 = Debug|Any CPU
		{14BF5D49-4CBC-ECD7-2041-414E9114AD0D}.Debug|x86.ActiveCfg = Debug|Any CPU
		{14BF5D49-4CBC-ECD7-2041-414E9114AD0D}.Debug|x86.Build.0 = Debug|Any CPU
		{14BF5D49-4CBC-ECD7-2041-414E9114AD0D}.Release|Any CPU.ActiveCfg = Release|Any CPU
		{14BF5D49-4CBC-ECD7-2041-414E9114AD0D}.Release|Any CPU.Build.0 = Release|Any CPU
		{14BF5D49-4CBC-ECD7-2041-414E9114AD0D}.Release|x64.ActiveCfg = Release|Any CPU
		{14BF5D49-4CBC-ECD7-2041-414E9114AD0D}.Release|x64.Build.0 = Release|Any CPU
		{14BF5D49-4CBC-ECD7-2041-414E9114AD0D}.Release|x86.ActiveCfg = Release|Any CPU
		{14BF5D49-4CBC-ECD7-2041-414E9114AD0D}.Release|x86.Build.0 = Release|Any CPU
		{193C3FFF-D580-4063-8432-0C147388BDDD}.Debug|Any CPU.ActiveCfg = Debug|Any CPU
		{193C3FFF-D580-4063-8432-0C147388BDDD}.Debug|Any CPU.Build.0 = Debug|Any CPU
		{193C3FFF-D580-4063-8432-0C147388BDDD}.Debug|x64.ActiveCfg = Debug|Any CPU
		{193C3FFF-D580-4063-8432-0C147388BDDD}.Debug|x64.Build.0 = Debug|Any CPU
		{193C3FFF-D580-4063-8432-0C147388BDDD}.Debug|x86.ActiveCfg = Debug|Any CPU
		{193C3FFF-D580-4063-8432-0C147388BDDD}.Debug|x86.Build.0 = Debug|Any CPU
		{193C3FFF-D580-4063-8432-0C147388BDDD}.Release|Any CPU.ActiveCfg = Release|Any CPU
		{193C3FFF-D580-4063-8432-0C147388BDDD}.Release|Any CPU.Build.0 = Release|Any CPU
		{193C3FFF-D580-4063-8432-0C147388BDDD}.Release|x64.ActiveCfg = Release|Any CPU
		{193C3FFF-D580-4063-8432-0C147388BDDD}.Release|x64.Build.0 = Release|Any CPU
		{193C3FFF-D580-4063-8432-0C147388BDDD}.Release|x86.ActiveCfg = Release|Any CPU
		{193C3FFF-D580-4063-8432-0C147388BDDD}.Release|x86.Build.0 = Release|Any CPU
		{AE70711F-CB78-4B7E-8C67-C4C5C66149A7}.Debug|Any CPU.ActiveCfg = Debug|Any CPU
		{AE70711F-CB78-4B7E-8C67-C4C5C66149A7}.Debug|Any CPU.Build.0 = Debug|Any CPU
		{AE70711F-CB78-4B7E-8C67-C4C5C66149A7}.Debug|x64.ActiveCfg = Debug|Any CPU
		{AE70711F-CB78-4B7E-8C67-C4C5C66149A7}.Debug|x64.Build.0 = Debug|Any CPU
		{AE70711F-CB78-4B7E-8C67-C4C5C66149A7}.Debug|x86.ActiveCfg = Debug|Any CPU
		{AE70711F-CB78-4B7E-8C67-C4C5C66149A7}.Debug|x86.Build.0 = Debug|Any CPU
		{AE70711F-CB78-4B7E-8C67-C4C5C66149A7}.Release|Any CPU.ActiveCfg = Release|Any CPU
		{AE70711F-CB78-4B7E-8C67-C4C5C66149A7}.Release|Any CPU.Build.0 = Release|Any CPU
		{AE70711F-CB78-4B7E-8C67-C4C5C66149A7}.Release|x64.ActiveCfg = Release|Any CPU
		{AE70711F-CB78-4B7E-8C67-C4C5C66149A7}.Release|x64.Build.0 = Release|Any CPU
		{AE70711F-CB78-4B7E-8C67-C4C5C66149A7}.Release|x86.ActiveCfg = Release|Any CPU
		{AE70711F-CB78-4B7E-8C67-C4C5C66149A7}.Release|x86.Build.0 = Release|Any CPU
		{12D2F63F-60CB-4BDD-8797-559AEAB51F5B}.Debug|Any CPU.ActiveCfg = Debug|Any CPU
		{12D2F63F-60CB-4BDD-8797-559AEAB51F5B}.Debug|Any CPU.Build.0 = Debug|Any CPU
		{12D2F63F-60CB-4BDD-8797-559AEAB51F5B}.Debug|x64.ActiveCfg = Debug|Any CPU
		{12D2F63F-60CB-4BDD-8797-559AEAB51F5B}.Debug|x64.Build.0 = Debug|Any CPU
		{12D2F63F-60CB-4BDD-8797-559AEAB51F5B}.Debug|x86.ActiveCfg = Debug|Any CPU
		{12D2F63F-60CB-4BDD-8797-559AEAB51F5B}.Debug|x86.Build.0 = Debug|Any CPU
		{12D2F63F-60CB-4BDD-8797-559AEAB51F5B}.Release|Any CPU.ActiveCfg = Release|Any CPU
		{12D2F63F-60CB-4BDD-8797-559AEAB51F5B}.Release|Any CPU.Build.0 = Release|Any CPU
		{12D2F63F-60CB-4BDD-8797-559AEAB51F5B}.Release|x64.ActiveCfg = Release|Any CPU
		{12D2F63F-60CB-4BDD-8797-559AEAB51F5B}.Release|x64.Build.0 = Release|Any CPU
		{12D2F63F-60CB-4BDD-8797-559AEAB51F5B}.Release|x86.ActiveCfg = Release|Any CPU
		{12D2F63F-60CB-4BDD-8797-559AEAB51F5B}.Release|x86.Build.0 = Release|Any CPU
		{DCC749AD-FBC5-4FE0-A408-FFF181723FBB}.Debug|Any CPU.ActiveCfg = Debug|Any CPU
		{DCC749AD-FBC5-4FE0-A408-FFF181723FBB}.Debug|Any CPU.Build.0 = Debug|Any CPU
		{DCC749AD-FBC5-4FE0-A408-FFF181723FBB}.Debug|x64.ActiveCfg = Debug|Any CPU
		{DCC749AD-FBC5-4FE0-A408-FFF181723FBB}.Debug|x64.Build.0 = Debug|Any CPU
		{DCC749AD-FBC5-4FE0-A408-FFF181723FBB}.Debug|x86.ActiveCfg = Debug|Any CPU
		{DCC749AD-FBC5-4FE0-A408-FFF181723FBB}.Debug|x86.Build.0 = Debug|Any CPU
		{DCC749AD-FBC5-4FE0-A408-FFF181723FBB}.Release|Any CPU.ActiveCfg = Release|Any CPU
		{DCC749AD-FBC5-4FE0-A408-FFF181723FBB}.Release|Any CPU.Build.0 = Release|Any CPU
		{DCC749AD-FBC5-4FE0-A408-FFF181723FBB}.Release|x64.ActiveCfg = Release|Any CPU
		{DCC749AD-FBC5-4FE0-A408-FFF181723FBB}.Release|x64.Build.0 = Release|Any CPU
		{DCC749AD-FBC5-4FE0-A408-FFF181723FBB}.Release|x86.ActiveCfg = Release|Any CPU
		{DCC749AD-FBC5-4FE0-A408-FFF181723FBB}.Release|x86.Build.0 = Release|Any CPU
		{EEEACA9F-D7E6-498E-95F1-C1236A2E10F2}.Debug|Any CPU.ActiveCfg = Debug|Any CPU
		{EEEACA9F-D7E6-498E-95F1-C1236A2E10F2}.Debug|Any CPU.Build.0 = Debug|Any CPU
		{EEEACA9F-D7E6-498E-95F1-C1236A2E10F2}.Debug|x64.ActiveCfg = Debug|Any CPU
		{EEEACA9F-D7E6-498E-95F1-C1236A2E10F2}.Debug|x64.Build.0 = Debug|Any CPU
		{EEEACA9F-D7E6-498E-95F1-C1236A2E10F2}.Debug|x86.ActiveCfg = Debug|Any CPU
		{EEEACA9F-D7E6-498E-95F1-C1236A2E10F2}.Debug|x86.Build.0 = Debug|Any CPU
		{EEEACA9F-D7E6-498E-95F1-C1236A2E10F2}.Release|Any CPU.ActiveCfg = Release|Any CPU
		{EEEACA9F-D7E6-498E-95F1-C1236A2E10F2}.Release|Any CPU.Build.0 = Release|Any CPU
		{EEEACA9F-D7E6-498E-95F1-C1236A2E10F2}.Release|x64.ActiveCfg = Release|Any CPU
		{EEEACA9F-D7E6-498E-95F1-C1236A2E10F2}.Release|x64.Build.0 = Release|Any CPU
		{EEEACA9F-D7E6-498E-95F1-C1236A2E10F2}.Release|x86.ActiveCfg = Release|Any CPU
		{EEEACA9F-D7E6-498E-95F1-C1236A2E10F2}.Release|x86.Build.0 = Release|Any CPU
		{11C6F63D-4D92-4866-AFE0-8837F5546272}.Debug|Any CPU.ActiveCfg = Debug|Any CPU
		{11C6F63D-4D92-4866-AFE0-8837F5546272}.Debug|Any CPU.Build.0 = Debug|Any CPU
		{11C6F63D-4D92-4866-AFE0-8837F5546272}.Debug|x64.ActiveCfg = Debug|Any CPU
		{11C6F63D-4D92-4866-AFE0-8837F5546272}.Debug|x64.Build.0 = Debug|Any CPU
		{11C6F63D-4D92-4866-AFE0-8837F5546272}.Debug|x86.ActiveCfg = Debug|Any CPU
		{11C6F63D-4D92-4866-AFE0-8837F5546272}.Debug|x86.Build.0 = Debug|Any CPU
		{11C6F63D-4D92-4866-AFE0-8837F5546272}.Release|Any CPU.ActiveCfg = Release|Any CPU
		{11C6F63D-4D92-4866-AFE0-8837F5546272}.Release|Any CPU.Build.0 = Release|Any CPU
		{11C6F63D-4D92-4866-AFE0-8837F5546272}.Release|x64.ActiveCfg = Release|Any CPU
		{11C6F63D-4D92-4866-AFE0-8837F5546272}.Release|x64.Build.0 = Release|Any CPU
		{11C6F63D-4D92-4866-AFE0-8837F5546272}.Release|x86.ActiveCfg = Release|Any CPU
		{11C6F63D-4D92-4866-AFE0-8837F5546272}.Release|x86.Build.0 = Release|Any CPU
	EndGlobalSection
	GlobalSection(SolutionProperties) = preSolution
		HideSolutionNode = FALSE
	EndGlobalSection
	GlobalSection(ExtensibilityGlobals) = postSolution
		SolutionGuid = {D9D51BAD-3E4E-43C7-BAE1-978C91EE2881}
	EndGlobalSection
EndGlobal
